// !$*UTF8*$!
{
	archiveVersion = 1;
	classes = {
	};
	objectVersion = 63;
	objects = {

/* Begin PBXBuildFile section */
		00B5A0683008712C68C0844F /* DebugLogger.swift in Sources */ = {isa = PBXBuildFile; fileRef = 2B1EAE0F9970B4D42F3E03A7 /* DebugLogger.swift */; };
		0501D2FDCBDAC81C0222543E /* BillySDK.xcframework in Embed Frameworks */ = {isa = PBXBuildFile; fileRef = 3E59FDC828CD52C1FB9DFF56 /* BillySDK.xcframework */; settings = {ATTRIBUTES = (CodeSignOnCopy, RemoveHeadersOnCopy, ); }; };
		37FC4A658E86DB80DD69F490 /* AuthView.swift in Sources */ = {isa = PBXBuildFile; fileRef = 0B67F298E549E609D420C98F /* AuthView.swift */; };
		478F8C0268BE6166A812CC90 /* ProximityDTOs.swift in Sources */ = {isa = PBXBuildFile; fileRef = E43EDAF435B089A37E0419E8 /* ProximityDTOs.swift */; };
		4B898F419AF509750998FC7D /* AuthValueObjects.swift in Sources */ = {isa = PBXBuildFile; fileRef = 423E27431A697EC166E70516 /* AuthValueObjects.swift */; };
		4D036D7D671D4597106B163E /* BillyApp.swift in Sources */ = {isa = PBXBuildFile; fileRef = BA75CBB3BE571677EDC7C70E /* BillyApp.swift */; };
		4FBC6AAE296EB4715A40AFDE /* Logger.swift in Sources */ = {isa = PBXBuildFile; fileRef = 9663E81A8800BD53B9C945E1 /* Logger.swift */; };
		53E6C9031A65970239C75E4A /* KeychainStorage.swift in Sources */ = {isa = PBXBuildFile; fileRef = E90A4DDB1C742F0A74B2F446 /* KeychainStorage.swift */; };
		5472E2F6E092357611BC6051 /* AuthViewModel.swift in Sources */ = {isa = PBXBuildFile; fileRef = 2A80DB7455097A26A119379F /* AuthViewModel.swift */; };
		575E0395BD39643276F12E00 /* CompositionRoot.swift in Sources */ = {isa = PBXBuildFile; fileRef = FB6BC37399CAD5A5B768CA66 /* CompositionRoot.swift */; };
		675D251C4B9B72E20B649075 /* HomeView.swift in Sources */ = {isa = PBXBuildFile; fileRef = 7DCA22472C2FE46DA188DF66 /* HomeView.swift */; };
		71E650C317AAC7C8574736FA /* StartProximityUseCase.swift in Sources */ = {isa = PBXBuildFile; fileRef = 6FC0B5C248FA9CBB40658518 /* StartProximityUseCase.swift */; };
		7D61F984230F545780827844 /* ProximityEngine.swift in Sources */ = {isa = PBXBuildFile; fileRef = A1238F04A8F1988808D96073 /* ProximityEngine.swift */; };
		7E0541466A21B790C1189CB7 /* SystemLogger.swift in Sources */ = {isa = PBXBuildFile; fileRef = 504DFEADA98A79EF1ABFF511 /* SystemLogger.swift */; };
		85C1FA20C72DE40764EAFCE1 /* DebugView.swift in Sources */ = {isa = PBXBuildFile; fileRef = 99530850763580AB1BC83905 /* DebugView.swift */; };
		8B8090231B8A22A224261855 /* SessionStorage.swift in Sources */ = {isa = PBXBuildFile; fileRef = 9062FA0F2344D7BA3100AA32 /* SessionStorage.swift */; };
		904DC4CCC122B6C0BDF8503A /* User.swift in Sources */ = {isa = PBXBuildFile; fileRef = E7B6B8D9EBE07D5E7AFE488F /* User.swift */; };
		A0C4C3E88263C9C0409E0B3A /* StopProximityUseCase.swift in Sources */ = {isa = PBXBuildFile; fileRef = 13AAC3FB6E98F1C0AF10B829 /* StopProximityUseCase.swift */; };
		A3DAFB37B35657B791B4701E /* SessionManager.swift in Sources */ = {isa = PBXBuildFile; fileRef = 1404C7AC751B3686A3D23196 /* SessionManager.swift */; };
		B4E1AE617A3AE7D2C8E4BF23 /* ProximityValueObjects.swift in Sources */ = {isa = PBXBuildFile; fileRef = 41DE4CD1227674FE4E5C7CCA /* ProximityValueObjects.swift */; };
		B61712B85572898018D98388 /* libsqlite3.tbd in Frameworks */ = {isa = PBXBuildFile; fileRef = F94D56CF690275C2B2E5C893 /* libsqlite3.tbd */; };
		B62E05CD0758610B8E4552EF /* LoginUseCase.swift in Sources */ = {isa = PBXBuildFile; fileRef = 940BB504FD151ABB24F9D02B /* LoginUseCase.swift */; };
		B853994C944A22CF98F4D3D9 /* BillySDK.xcframework in Frameworks */ = {isa = PBXBuildFile; fileRef = 3E59FDC828CD52C1FB9DFF56 /* BillySDK.xcframework */; };
		C3D88B2414EF1C621BF0CE72 /* HomeViewModel.swift in Sources */ = {isa = PBXBuildFile; fileRef = AD49DF1F5ECAE0D934B64163 /* HomeViewModel.swift */; };
		C4DD0623406F4587C82A49B7 /* KMMAuthRepository.swift in Sources */ = {isa = PBXBuildFile; fileRef = 44F9242DE4A0ADEF93AF111C /* KMMAuthRepository.swift */; };
		CA1BA4D575619D8B0190D4DB /* ObserveProximityUseCase.swift in Sources */ = {isa = PBXBuildFile; fileRef = F510A0B929DF96DD6A88E922 /* ObserveProximityUseCase.swift */; };
		CAE309090F70995C72A52505 /* AppConfig.swift in Sources */ = {isa = PBXBuildFile; fileRef = D992A48600563FC870B247E3 /* AppConfig.swift */; };
		F0E902106E7360D5090E1D12 /* RegisterUseCase.swift in Sources */ = {isa = PBXBuildFile; fileRef = 778993CC4D4FB4F363F74411 /* RegisterUseCase.swift */; };
		F200AD59024291D84713AEF2 /* Data+Hex.swift in Sources */ = {isa = PBXBuildFile; fileRef = 7E1A40C8E99D593BB5F6187D /* Data+Hex.swift */; };
		F7CCF0FF7C985754B4D47D70 /* BleProximityEngine.swift in Sources */ = {isa = PBXBuildFile; fileRef = F2770341545A2A775419A230 /* BleProximityEngine.swift */; };
		F8816FAD18068122017191BB /* AuthRepository.swift in Sources */ = {isa = PBXBuildFile; fileRef = FBE8C63D1990B42FE0F2CFB5 /* AuthRepository.swift */; };
		FC4804BE050EA172ACE75EB0 /* AuthInputs.swift in Sources */ = {isa = PBXBuildFile; fileRef = 641B082E8F4E21D12C9145FE /* AuthInputs.swift */; };
/* End PBXBuildFile section */

/* Begin PBXCopyFilesBuildPhase section */
		2977479668E2720CFC8E20B6 /* Embed Frameworks */ = {
			isa = PBXCopyFilesBuildPhase;
			buildActionMask = 2147483647;
			dstPath = "";
			dstSubfolderSpec = 10;
			files = (
				0501D2FDCBDAC81C0222543E /* BillySDK.xcframework in Embed Frameworks */,
			);
			name = "Embed Frameworks";
			runOnlyForDeploymentPostprocessing = 0;
		};
/* End PBXCopyFilesBuildPhase section */

/* Begin PBXFileReference section */
		0B67F298E549E609D420C98F /* AuthView.swift */ = {isa = PBXFileReference; lastKnownFileType = sourcecode.swift; path = AuthView.swift; sourceTree = "<group>"; };
		13AAC3FB6E98F1C0AF10B829 /* StopProximityUseCase.swift */ = {isa = PBXFileReference; lastKnownFileType = sourcecode.swift; path = StopProximityUseCase.swift; sourceTree = "<group>"; };
		1404C7AC751B3686A3D23196 /* SessionManager.swift */ = {isa = PBXFileReference; lastKnownFileType = sourcecode.swift; path = SessionManager.swift; sourceTree = "<group>"; };
		2A80DB7455097A26A119379F /* AuthViewModel.swift */ = {isa = PBXFileReference; lastKnownFileType = sourcecode.swift; path = AuthViewModel.swift; sourceTree = "<group>"; };
		2B1EAE0F9970B4D42F3E03A7 /* DebugLogger.swift */ = {isa = PBXFileReference; lastKnownFileType = sourcecode.swift; path = DebugLogger.swift; sourceTree = "<group>"; };
		3E59FDC828CD52C1FB9DFF56 /* BillySDK.xcframework */ = {isa = PBXFileReference; lastKnownFileType = wrapper.xcframework; name = BillySDK.xcframework; path = Frameworks/BillySDK.xcframework; sourceTree = "<group>"; };
		41DE4CD1227674FE4E5C7CCA /* ProximityValueObjects.swift */ = {isa = PBXFileReference; lastKnownFileType = sourcecode.swift; path = ProximityValueObjects.swift; sourceTree = "<group>"; };
		423E27431A697EC166E70516 /* AuthValueObjects.swift */ = {isa = PBXFileReference; lastKnownFileType = sourcecode.swift; path = AuthValueObjects.swift; sourceTree = "<group>"; };
		44F9242DE4A0ADEF93AF111C /* KMMAuthRepository.swift */ = {isa = PBXFileReference; lastKnownFileType = sourcecode.swift; path = KMMAuthRepository.swift; sourceTree = "<group>"; };
		504DFEADA98A79EF1ABFF511 /* SystemLogger.swift */ = {isa = PBXFileReference; lastKnownFileType = sourcecode.swift; path = SystemLogger.swift; sourceTree = "<group>"; };
		641B082E8F4E21D12C9145FE /* AuthInputs.swift */ = {isa = PBXFileReference; lastKnownFileType = sourcecode.swift; path = AuthInputs.swift; sourceTree = "<group>"; };
		6FC0B5C248FA9CBB40658518 /* StartProximityUseCase.swift */ = {isa = PBXFileReference; lastKnownFileType = sourcecode.swift; path = StartProximityUseCase.swift; sourceTree = "<group>"; };
		778993CC4D4FB4F363F74411 /* RegisterUseCase.swift */ = {isa = PBXFileReference; lastKnownFileType = sourcecode.swift; path = RegisterUseCase.swift; sourceTree = "<group>"; };
		7DCA22472C2FE46DA188DF66 /* HomeView.swift */ = {isa = PBXFileReference; lastKnownFileType = sourcecode.swift; path = HomeView.swift; sourceTree = "<group>"; };
		7E1A40C8E99D593BB5F6187D /* Data+Hex.swift */ = {isa = PBXFileReference; lastKnownFileType = sourcecode.swift; path = "Data+Hex.swift"; sourceTree = "<group>"; };
		8209F318CB03942445FC0164 /* BillyApp.app */ = {isa = PBXFileReference; explicitFileType = wrapper.application; includeInIndex = 0; path = BillyApp.app; sourceTree = BUILT_PRODUCTS_DIR; };
		9062FA0F2344D7BA3100AA32 /* SessionStorage.swift */ = {isa = PBXFileReference; lastKnownFileType = sourcecode.swift; path = SessionStorage.swift; sourceTree = "<group>"; };
		940BB504FD151ABB24F9D02B /* LoginUseCase.swift */ = {isa = PBXFileReference; lastKnownFileType = sourcecode.swift; path = LoginUseCase.swift; sourceTree = "<group>"; };
		9663E81A8800BD53B9C945E1 /* Logger.swift */ = {isa = PBXFileReference; lastKnownFileType = sourcecode.swift; path = Logger.swift; sourceTree = "<group>"; };
		99530850763580AB1BC83905 /* DebugView.swift */ = {isa = PBXFileReference; lastKnownFileType = sourcecode.swift; path = DebugView.swift; sourceTree = "<group>"; };
		A1238F04A8F1988808D96073 /* ProximityEngine.swift */ = {isa = PBXFileReference; lastKnownFileType = sourcecode.swift; path = ProximityEngine.swift; sourceTree = "<group>"; };
		AD49DF1F5ECAE0D934B64163 /* HomeViewModel.swift */ = {isa = PBXFileReference; lastKnownFileType = sourcecode.swift; path = HomeViewModel.swift; sourceTree = "<group>"; };
		BA75CBB3BE571677EDC7C70E /* BillyApp.swift */ = {isa = PBXFileReference; lastKnownFileType = sourcecode.swift; path = BillyApp.swift; sourceTree = "<group>"; };
		D992A48600563FC870B247E3 /* AppConfig.swift */ = {isa = PBXFileReference; lastKnownFileType = sourcecode.swift; path = AppConfig.swift; sourceTree = "<group>"; };
		E343DFA7AE921AF841E9D3AE /* Info.plist */ = {isa = PBXFileReference; lastKnownFileType = text.plist; path = Info.plist; sourceTree = "<group>"; };
		E43EDAF435B089A37E0419E8 /* ProximityDTOs.swift */ = {isa = PBXFileReference; lastKnownFileType = sourcecode.swift; path = ProximityDTOs.swift; sourceTree = "<group>"; };
		E7B6B8D9EBE07D5E7AFE488F /* User.swift */ = {isa = PBXFileReference; lastKnownFileType = sourcecode.swift; path = User.swift; sourceTree = "<group>"; };
		E90A4DDB1C742F0A74B2F446 /* KeychainStorage.swift */ = {isa = PBXFileReference; lastKnownFileType = sourcecode.swift; path = KeychainStorage.swift; sourceTree = "<group>"; };
		F2770341545A2A775419A230 /* BleProximityEngine.swift */ = {isa = PBXFileReference; lastKnownFileType = sourcecode.swift; path = BleProximityEngine.swift; sourceTree = "<group>"; };
		F510A0B929DF96DD6A88E922 /* ObserveProximityUseCase.swift */ = {isa = PBXFileReference; lastKnownFileType = sourcecode.swift; path = ObserveProximityUseCase.swift; sourceTree = "<group>"; };
		F94D56CF690275C2B2E5C893 /* libsqlite3.tbd */ = {isa = PBXFileReference; lastKnownFileType = "sourcecode.text-based-dylib-definition"; name = libsqlite3.tbd; path = usr/lib/libsqlite3.tbd; sourceTree = SDKROOT; };
		FB6BC37399CAD5A5B768CA66 /* CompositionRoot.swift */ = {isa = PBXFileReference; lastKnownFileType = sourcecode.swift; path = CompositionRoot.swift; sourceTree = "<group>"; };
		FBE8C63D1990B42FE0F2CFB5 /* AuthRepository.swift */ = {isa = PBXFileReference; lastKnownFileType = sourcecode.swift; path = AuthRepository.swift; sourceTree = "<group>"; };
/* End PBXFileReference section */

/* Begin PBXFrameworksBuildPhase section */
		47F31C3938061489D2E472A2 /* Frameworks */ = {
			isa = PBXFrameworksBuildPhase;
			buildActionMask = 2147483647;
			files = (
				B853994C944A22CF98F4D3D9 /* BillySDK.xcframework in Frameworks */,
				B61712B85572898018D98388 /* libsqlite3.tbd in Frameworks */,
			);
			runOnlyForDeploymentPostprocessing = 0;
		};
/* End PBXFrameworksBuildPhase section */

/* Begin PBXGroup section */
		0ACCA86D49C4F9A079CEA346 /* Products */ = {
			isa = PBXGroup;
			children = (
				8209F318CB03942445FC0164 /* BillyApp.app */,
			);
			name = Products;
			sourceTree = "<group>";
		};
		0FCC2FB8727DC4D8AF2F7DF0 /* Domain */ = {
			isa = PBXGroup;
			children = (
				641B082E8F4E21D12C9145FE /* AuthInputs.swift */,
				423E27431A697EC166E70516 /* AuthValueObjects.swift */,
			);
			path = Domain;
			sourceTree = "<group>";
		};
		119455DCE5E463CF2C8B6118 /* Api */ = {
			isa = PBXGroup;
			children = (
				0B67F298E549E609D420C98F /* AuthView.swift */,
				2A80DB7455097A26A119379F /* AuthViewModel.swift */,
			);
			path = Api;
			sourceTree = "<group>";
		};
		16CBB7F80384BAE2DC2BC6E6 /* Domain */ = {
			isa = PBXGroup;
			children = (
				41DE4CD1227674FE4E5C7CCA /* ProximityValueObjects.swift */,
				E7B6B8D9EBE07D5E7AFE488F /* User.swift */,
			);
			path = Domain;
			sourceTree = "<group>";
		};
		194C240986AD1828EEB86448 /* Api */ = {
			isa = PBXGroup;
			children = (
				7DCA22472C2FE46DA188DF66 /* HomeView.swift */,
				AD49DF1F5ECAE0D934B64163 /* HomeViewModel.swift */,
				E43EDAF435B089A37E0419E8 /* ProximityDTOs.swift */,
			);
			path = Api;
			sourceTree = "<group>";
		};
		1E6A2C290C2EDDAC6E85D07E /* Proximity */ = {
			isa = PBXGroup;
			children = (
				194C240986AD1828EEB86448 /* Api */,
				56AD931EC317E747B266A98F /* App */,
				4449BCAAB8B483C62AEC012A /* Contract */,
				16CBB7F80384BAE2DC2BC6E6 /* Domain */,
				95F884FCD82F403972408493 /* Infra */,
			);
			path = Proximity;
			sourceTree = "<group>";
		};
		1E85F9C3DF5198B876B3BA4A /* Modules */ = {
			isa = PBXGroup;
			children = (
				AFDD26DC0ADAE3B75FA5189E /* Auth */,
				1E6A2C290C2EDDAC6E85D07E /* Proximity */,
			);
			path = Modules;
			sourceTree = "<group>";
		};
		291CBDEC987228DFC5C051EE /* App */ = {
			isa = PBXGroup;
			children = (
				940BB504FD151ABB24F9D02B /* LoginUseCase.swift */,
				778993CC4D4FB4F363F74411 /* RegisterUseCase.swift */,
			);
			path = App;
			sourceTree = "<group>";
		};
		3AB7D8F3023FE95C93E8290D /* Sources */ = {
			isa = PBXGroup;
			children = (
				B3B6508E4F74A6EC8E4DF94A /* App */,
				A3D8355D919DC98F263F9770 /* Config */,
				1E85F9C3DF5198B876B3BA4A /* Modules */,
				55199E2F95D4221B09CBF1D6 /* Shared */,
			);
			path = Sources;
			sourceTree = "<group>";
		};
		4449BCAAB8B483C62AEC012A /* Contract */ = {
			isa = PBXGroup;
			children = (
				A1238F04A8F1988808D96073 /* ProximityEngine.swift */,
			);
			path = Contract;
			sourceTree = "<group>";
		};
		4D1B9222C95AB8E95D4742B9 /* Contract */ = {
			isa = PBXGroup;
			children = (
				FBE8C63D1990B42FE0F2CFB5 /* AuthRepository.swift */,
				9062FA0F2344D7BA3100AA32 /* SessionStorage.swift */,
			);
			path = Contract;
			sourceTree = "<group>";
		};
		5169B87B483920D18A338BC3 /* Infra */ = {
			isa = PBXGroup;
			children = (
				E90A4DDB1C742F0A74B2F446 /* KeychainStorage.swift */,
				44F9242DE4A0ADEF93AF111C /* KMMAuthRepository.swift */,
			);
			path = Infra;
			sourceTree = "<group>";
		};
		55199E2F95D4221B09CBF1D6 /* Shared */ = {
			isa = PBXGroup;
			children = (
				FD09F78055812D3AC45B97A7 /* Extensions */,
				DAE2F90FD0388874CF6AE2D8 /* Infra */,
				C6F45573A238738404BB4628 /* Kernel */,
				C63A6C80BB8B2607848FA6E5 /* UI */,
			);
			path = Shared;
			sourceTree = "<group>";
		};
		56AD931EC317E747B266A98F /* App */ = {
			isa = PBXGroup;
			children = (
				F510A0B929DF96DD6A88E922 /* ObserveProximityUseCase.swift */,
				6FC0B5C248FA9CBB40658518 /* StartProximityUseCase.swift */,
				13AAC3FB6E98F1C0AF10B829 /* StopProximityUseCase.swift */,
			);
			path = App;
			sourceTree = "<group>";
		};
		8C2DD398557724E3FAA69B8B = {
			isa = PBXGroup;
			children = (
				B21BB002985AE59F8FD916DE /* Resources */,
				3AB7D8F3023FE95C93E8290D /* Sources */,
				D24AA58C9B0BEA5772EAFF29 /* Frameworks */,
				0ACCA86D49C4F9A079CEA346 /* Products */,
			);
			sourceTree = "<group>";
		};
		95F884FCD82F403972408493 /* Infra */ = {
			isa = PBXGroup;
			children = (
				F2770341545A2A775419A230 /* BleProximityEngine.swift */,
			);
			path = Infra;
			sourceTree = "<group>";
		};
		A3D8355D919DC98F263F9770 /* Config */ = {
			isa = PBXGroup;
			children = (
				D992A48600563FC870B247E3 /* AppConfig.swift */,
			);
			path = Config;
			sourceTree = "<group>";
		};
		AFDD26DC0ADAE3B75FA5189E /* Auth */ = {
			isa = PBXGroup;
			children = (
				119455DCE5E463CF2C8B6118 /* Api */,
				291CBDEC987228DFC5C051EE /* App */,
				4D1B9222C95AB8E95D4742B9 /* Contract */,
				0FCC2FB8727DC4D8AF2F7DF0 /* Domain */,
				5169B87B483920D18A338BC3 /* Infra */,
			);
			path = Auth;
			sourceTree = "<group>";
		};
		B21BB002985AE59F8FD916DE /* Resources */ = {
			isa = PBXGroup;
			children = (
				E343DFA7AE921AF841E9D3AE /* Info.plist */,
			);
			path = Resources;
			sourceTree = "<group>";
		};
		B3B6508E4F74A6EC8E4DF94A /* App */ = {
			isa = PBXGroup;
			children = (
				BA75CBB3BE571677EDC7C70E /* BillyApp.swift */,
				FB6BC37399CAD5A5B768CA66 /* CompositionRoot.swift */,
				1404C7AC751B3686A3D23196 /* SessionManager.swift */,
			);
			path = App;
			sourceTree = "<group>";
		};
		C63A6C80BB8B2607848FA6E5 /* UI */ = {
			isa = PBXGroup;
			children = (
				99530850763580AB1BC83905 /* DebugView.swift */,
			);
			path = UI;
			sourceTree = "<group>";
		};
		C6F45573A238738404BB4628 /* Kernel */ = {
			isa = PBXGroup;
			children = (
				9663E81A8800BD53B9C945E1 /* Logger.swift */,
			);
			path = Kernel;
			sourceTree = "<group>";
		};
		D24AA58C9B0BEA5772EAFF29 /* Frameworks */ = {
			isa = PBXGroup;
			children = (
				3E59FDC828CD52C1FB9DFF56 /* BillySDK.xcframework */,
				F94D56CF690275C2B2E5C893 /* libsqlite3.tbd */,
			);
			name = Frameworks;
			sourceTree = "<group>";
		};
		DAE2F90FD0388874CF6AE2D8 /* Infra */ = {
			isa = PBXGroup;
			children = (
				2B1EAE0F9970B4D42F3E03A7 /* DebugLogger.swift */,
				504DFEADA98A79EF1ABFF511 /* SystemLogger.swift */,
			);
			path = Infra;
			sourceTree = "<group>";
		};
		FD09F78055812D3AC45B97A7 /* Extensions */ = {
			isa = PBXGroup;
			children = (
				7E1A40C8E99D593BB5F6187D /* Data+Hex.swift */,
			);
			path = Extensions;
			sourceTree = "<group>";
		};
/* End PBXGroup section */

/* Begin PBXNativeTarget section */
		3341BC0DB49C637893904226 /* BillyApp */ = {
			isa = PBXNativeTarget;
			buildConfigurationList = 7F51DEB37D103E069D54130C /* Build configuration list for PBXNativeTarget "BillyApp" */;
			buildPhases = (
				7BA38B20F5B0DCACD3255C04 /* Sources */,
				47F31C3938061489D2E472A2 /* Frameworks */,
				2977479668E2720CFC8E20B6 /* Embed Frameworks */,
			);
			buildRules = (
			);
			dependencies = (
			);
			name = BillyApp;
			packageProductDependencies = (
			);
			productName = BillyApp;
			productReference = 8209F318CB03942445FC0164 /* BillyApp.app */;
			productType = "com.apple.product-type.application";
		};
/* End PBXNativeTarget section */

/* Begin PBXProject section */
		73CAEFAC3C357C398DA44B04 /* Project object */ = {
			isa = PBXProject;
			attributes = {
				BuildIndependentTargetsInParallel = YES;
				LastUpgradeCheck = 1430;
				TargetAttributes = {
					3341BC0DB49C637893904226 = {
						ProvisioningStyle = Automatic;
					};
				};
			};
			buildConfigurationList = 130578BFF0ECF5D727979125 /* Build configuration list for PBXProject "BillyApp" */;
			compatibilityVersion = "Xcode 14.0";
			developmentRegion = en;
			hasScannedForEncodings = 0;
			knownRegions = (
				Base,
				en,
			);
			mainGroup = 8C2DD398557724E3FAA69B8B;
			minimizedProjectReferenceProxies = 1;
			projectDirPath = "";
			projectRoot = "";
			targets = (
				3341BC0DB49C637893904226 /* BillyApp */,
			);
		};
/* End PBXProject section */

/* Begin PBXSourcesBuildPhase section */
		7BA38B20F5B0DCACD3255C04 /* Sources */ = {
			isa = PBXSourcesBuildPhase;
			buildActionMask = 2147483647;
			files = (
				CAE309090F70995C72A52505 /* AppConfig.swift in Sources */,
				FC4804BE050EA172ACE75EB0 /* AuthInputs.swift in Sources */,
				F8816FAD18068122017191BB /* AuthRepository.swift in Sources */,
				4B898F419AF509750998FC7D /* AuthValueObjects.swift in Sources */,
				37FC4A658E86DB80DD69F490 /* AuthView.swift in Sources */,
				5472E2F6E092357611BC6051 /* AuthViewModel.swift in Sources */,
				4D036D7D671D4597106B163E /* BillyApp.swift in Sources */,
				F7CCF0FF7C985754B4D47D70 /* BleProximityEngine.swift in Sources */,
				575E0395BD39643276F12E00 /* CompositionRoot.swift in Sources */,
				F200AD59024291D84713AEF2 /* Data+Hex.swift in Sources */,
				00B5A0683008712C68C0844F /* DebugLogger.swift in Sources */,
				85C1FA20C72DE40764EAFCE1 /* DebugView.swift in Sources */,
				675D251C4B9B72E20B649075 /* HomeView.swift in Sources */,
				C3D88B2414EF1C621BF0CE72 /* HomeViewModel.swift in Sources */,
				C4DD0623406F4587C82A49B7 /* KMMAuthRepository.swift in Sources */,
				53E6C9031A65970239C75E4A /* KeychainStorage.swift in Sources */,
				4FBC6AAE296EB4715A40AFDE /* Logger.swift in Sources */,
				B62E05CD0758610B8E4552EF /* LoginUseCase.swift in Sources */,
				CA1BA4D575619D8B0190D4DB /* ObserveProximityUseCase.swift in Sources */,
				478F8C0268BE6166A812CC90 /* ProximityDTOs.swift in Sources */,
				7D61F984230F545780827844 /* ProximityEngine.swift in Sources */,
				B4E1AE617A3AE7D2C8E4BF23 /* ProximityValueObjects.swift in Sources */,
				F0E902106E7360D5090E1D12 /* RegisterUseCase.swift in Sources */,
				A3DAFB37B35657B791B4701E /* SessionManager.swift in Sources */,
				8B8090231B8A22A224261855 /* SessionStorage.swift in Sources */,
				71E650C317AAC7C8574736FA /* StartProximityUseCase.swift in Sources */,
				A0C4C3E88263C9C0409E0B3A /* StopProximityUseCase.swift in Sources */,
				7E0541466A21B790C1189CB7 /* SystemLogger.swift in Sources */,
				904DC4CCC122B6C0BDF8503A /* User.swift in Sources */,
			);
			runOnlyForDeploymentPostprocessing = 0;
		};
/* End PBXSourcesBuildPhase section */

/* Begin XCBuildConfiguration section */
		0701BE2EC357B05235CA15DE /* Release */ = {
			isa = XCBuildConfiguration;
			buildSettings = {
				ASSETCATALOG_COMPILER_APPICON_NAME = AppIcon;
				CODE_SIGN_IDENTITY = "iPhone Developer";
				CODE_SIGN_STYLE = Automatic;
				DEBUG_INFORMATION_FORMAT = "dwarf-with-dsym";
				DEVELOPMENT_TEAM = UQA966RB74;
				ENABLE_PREVIEWS = YES;
				FRAMEWORK_SEARCH_PATHS = (
					"$(inherited)",
					"\"Frameworks\"",
				);
				GCC_TREAT_WARNINGS_AS_ERRORS = YES;
				INFOPLIST_FILE = Resources/Info.plist;
				LD_RUNPATH_SEARCH_PATHS = (
					"$(inherited)",
					"@executable_path/Frameworks",
				);
				PRODUCT_BUNDLE_IDENTIFIER = com.billyapp.ios;
				SDKROOT = iphoneos;
				SWIFT_COMPILATION_MODE = wholemodule;
				SWIFT_TREAT_WARNINGS_AS_ERRORS = YES;
				SWIFT_VERSION = 5.0;
				TARGETED_DEVICE_FAMILY = "1,2";
			};
			name = Release;
		};
		33A9AB0C3BBFCCDD7602B642 /* Debug */ = {
			isa = XCBuildConfiguration;
			buildSettings = {
				ALWAYS_SEARCH_USER_PATHS = NO;
				CLANG_ANALYZER_NONNULL = YES;
				CLANG_ANALYZER_NUMBER_OBJECT_CONVERSION = YES_AGGRESSIVE;
				CLANG_CXX_LANGUAGE_STANDARD = "gnu++14";
				CLANG_CXX_LIBRARY = "libc++";
				CLANG_ENABLE_MODULES = YES;
				CLANG_ENABLE_OBJC_ARC = YES;
				CLANG_ENABLE_OBJC_WEAK = YES;
				CLANG_WARN_BLOCK_CAPTURE_AUTORELEASING = YES;
				CLANG_WARN_BOOL_CONVERSION = YES;
				CLANG_WARN_COMMA = YES;
				CLANG_WARN_CONSTANT_CONVERSION = YES;
				CLANG_WARN_DEPRECATED_OBJC_IMPLEMENTATIONS = YES;
				CLANG_WARN_DIRECT_OBJC_ISA_USAGE = YES_ERROR;
				CLANG_WARN_DOCUMENTATION_COMMENTS = YES;
				CLANG_WARN_EMPTY_BODY = YES;
				CLANG_WARN_ENUM_CONVERSION = YES;
				CLANG_WARN_INFINITE_RECURSION = YES;
				CLANG_WARN_INT_CONVERSION = YES;
				CLANG_WARN_NON_LITERAL_NULL_CONVERSION = YES;
				CLANG_WARN_OBJC_IMPLICIT_RETAIN_SELF = YES;
				CLANG_WARN_OBJC_LITERAL_CONVERSION = YES;
				CLANG_WARN_OBJC_ROOT_CLASS = YES_ERROR;
				CLANG_WARN_QUOTED_INCLUDE_IN_FRAMEWORK_HEADER = YES;
				CLANG_WARN_RANGE_LOOP_ANALYSIS = YES;
				CLANG_WARN_STRICT_PROTOTYPES = YES;
				CLANG_WARN_SUSPICIOUS_MOVE = YES;
				CLANG_WARN_UNGUARDED_AVAILABILITY = YES_AGGRESSIVE;
				CLANG_WARN_UNREACHABLE_CODE = YES;
				CLANG_WARN__DUPLICATE_METHOD_MATCH = YES;
				COPY_PHASE_STRIP = NO;
				DEBUG_INFORMATION_FORMAT = dwarf;
				ENABLE_STRICT_OBJC_MSGSEND = YES;
				ENABLE_TESTABILITY = YES;
				GCC_C_LANGUAGE_STANDARD = gnu11;
				GCC_DYNAMIC_NO_PIC = NO;
				GCC_NO_COMMON_BLOCKS = YES;
				GCC_OPTIMIZATION_LEVEL = 0;
				GCC_PREPROCESSOR_DEFINITIONS = (
					"$(inherited)",
					"DEBUG=1",
				);
				GCC_WARN_64_TO_32_BIT_CONVERSION = YES;
				GCC_WARN_ABOUT_RETURN_TYPE = YES_ERROR;
				GCC_WARN_UNDECLARED_SELECTOR = YES;
				GCC_WARN_UNINITIALIZED_AUTOS = YES_AGGRESSIVE;
				GCC_WARN_UNUSED_FUNCTION = YES;
				GCC_WARN_UNUSED_VARIABLE = YES;
				IPHONEOS_DEPLOYMENT_TARGET = 16.0;
				MTL_ENABLE_DEBUG_INFO = INCLUDE_SOURCE;
				MTL_FAST_MATH = YES;
				ONLY_ACTIVE_ARCH = YES;
				PRODUCT_NAME = "$(TARGET_NAME)";
				SDKROOT = iphoneos;
				SWIFT_ACTIVE_COMPILATION_CONDITIONS = DEBUG;
				SWIFT_OPTIMIZATION_LEVEL = "-Onone";
				SWIFT_VERSION = 5.0;
			};
			name = Debug;
		};
		36288DA1C87794DEF041C4E8 /* Debug */ = {
			isa = XCBuildConfiguration;
			buildSettings = {
				ASSETCATALOG_COMPILER_APPICON_NAME = AppIcon;
				CODE_SIGN_IDENTITY = "iPhone Developer";
				CODE_SIGN_STYLE = Automatic;
				DEBUG_INFORMATION_FORMAT = dwarf;
				DEVELOPMENT_TEAM = UQA966RB74;
				ENABLE_PREVIEWS = YES;
				FRAMEWORK_SEARCH_PATHS = (
					"$(inherited)",
					"\"Frameworks\"",
				);
				GCC_TREAT_WARNINGS_AS_ERRORS = YES;
				INFOPLIST_FILE = Resources/Info.plist;
				LD_RUNPATH_SEARCH_PATHS = (
					"$(inherited)",
					"@executable_path/Frameworks",
				);
				PRODUCT_BUNDLE_IDENTIFIER = com.billyapp.ios;
				SDKROOT = iphoneos;
				SWIFT_ACTIVE_COMPILATION_CONDITIONS = DEBUG;
				SWIFT_TREAT_WARNINGS_AS_ERRORS = YES;
				SWIFT_VERSION = 5.0;
				TARGETED_DEVICE_FAMILY = "1,2";
			};
			name = Debug;
		};
		C352567641B65C891708896A /* Release */ = {
			isa = XCBuildConfiguration;
			buildSettings = {
				ALWAYS_SEARCH_USER_PATHS = NO;
				CLANG_ANALYZER_NONNULL = YES;
				CLANG_ANALYZER_NUMBER_OBJECT_CONVERSION = YES_AGGRESSIVE;
				CLANG_CXX_LANGUAGE_STANDARD = "gnu++14";
				CLANG_CXX_LIBRARY = "libc++";
				CLANG_ENABLE_MODULES = YES;
				CLANG_ENABLE_OBJC_ARC = YES;
				CLANG_ENABLE_OBJC_WEAK = YES;
				CLANG_WARN_BLOCK_CAPTURE_AUTORELEASING = YES;
				CLANG_WARN_BOOL_CONVERSION = YES;
				CLANG_WARN_COMMA = YES;
				CLANG_WARN_CONSTANT_CONVERSION = YES;
				CLANG_WARN_DEPRECATED_OBJC_IMPLEMENTATIONS = YES;
				CLANG_WARN_DIRECT_OBJC_ISA_USAGE = YES_ERROR;
				CLANG_WARN_DOCUMENTATION_COMMENTS = YES;
				CLANG_WARN_EMPTY_BODY = YES;
				CLANG_WARN_ENUM_CONVERSION = YES;
				CLANG_WARN_INFINITE_RECURSION = YES;
				CLANG_WARN_INT_CONVERSION = YES;
				CLANG_WARN_NON_LITERAL_NULL_CONVERSION = YES;
				CLANG_WARN_OBJC_IMPLICIT_RETAIN_SELF = YES;
				CLANG_WARN_OBJC_LITERAL_CONVERSION = YES;
				CLANG_WARN_OBJC_ROOT_CLASS = YES_ERROR;
				CLANG_WARN_QUOTED_INCLUDE_IN_FRAMEWORK_HEADER = YES;
				CLANG_WARN_RANGE_LOOP_ANALYSIS = YES;
				CLANG_WARN_STRICT_PROTOTYPES = YES;
				CLANG_WARN_SUSPICIOUS_MOVE = YES;
				CLANG_WARN_UNGUARDED_AVAILABILITY = YES_AGGRESSIVE;
				CLANG_WARN_UNREACHABLE_CODE = YES;
				CLANG_WARN__DUPLICATE_METHOD_MATCH = YES;
				COPY_PHASE_STRIP = NO;
				DEBUG_INFORMATION_FORMAT = "dwarf-with-dsym";
				ENABLE_NS_ASSERTIONS = NO;
				ENABLE_STRICT_OBJC_MSGSEND = YES;
				GCC_C_LANGUAGE_STANDARD = gnu11;
				GCC_NO_COMMON_BLOCKS = YES;
				GCC_WARN_64_TO_32_BIT_CONVERSION = YES;
				GCC_WARN_ABOUT_RETURN_TYPE = YES_ERROR;
				GCC_WARN_UNDECLARED_SELECTOR = YES;
				GCC_WARN_UNINITIALIZED_AUTOS = YES_AGGRESSIVE;
				GCC_WARN_UNUSED_FUNCTION = YES;
				GCC_WARN_UNUSED_VARIABLE = YES;
				IPHONEOS_DEPLOYMENT_TARGET = 16.0;
				MTL_ENABLE_DEBUG_INFO = NO;
				MTL_FAST_MATH = YES;
				PRODUCT_NAME = "$(TARGET_NAME)";
				SDKROOT = iphoneos;
				SWIFT_COMPILATION_MODE = wholemodule;
				SWIFT_OPTIMIZATION_LEVEL = "-O";
				SWIFT_VERSION = 5.0;
			};
			name = Release;
		};
/* End XCBuildConfiguration section */

/* Begin XCConfigurationList section */
		130578BFF0ECF5D727979125 /* Build configuration list for PBXProject "BillyApp" */ = {
			isa = XCConfigurationList;
			buildConfigurations = (
				33A9AB0C3BBFCCDD7602B642 /* Debug */,
				C352567641B65C891708896A /* Release */,
			);
			defaultConfigurationIsVisible = 0;
			defaultConfigurationName = Debug;
		};
		7F51DEB37D103E069D54130C /* Build configuration list for PBXNativeTarget "BillyApp" */ = {
			isa = XCConfigurationList;
			buildConfigurations = (
				36288DA1C87794DEF041C4E8 /* Debug */,
				0701BE2EC357B05235CA15DE /* Release */,
			);
			defaultConfigurationIsVisible = 0;
			defaultConfigurationName = Debug;
		};
/* End XCConfigurationList section */
	};
	rootObject = 73CAEFAC3C357C398DA44B04 /* Project object */;
}
